
Microsoft Visual Studio Solution File, Format Version 12.00
# Visual Studio Express 15 for Windows Desktop
VisualStudioVersion = 15.0.27703.2047
MinimumVisualStudioVersion = 10.0.40219.1
Project("{FAE04EC0-301F-11D3-BF4B-00C04F79EFBC}") = "Ejercicio47", "Ejercicio47\Ejercicio47.csproj", "{1AAFA564-0D19-4E2A-B75F-61448242A5C9}"
EndProject
Project("{FAE04EC0-301F-11D3-BF4B-00C04F79EFBC}") = "ConsoleTest", "ConsoleTest\ConsoleTest.csproj", "{C021A19C-4ACB-44D3-8113-4ADF93EA121B}"
EndProject
Global
	GlobalSection(SolutionConfigurationPlatforms) = preSolution
		Debug|Any CPU = Debug|Any CPU
		Release|Any CPU = Release|Any CPU
	EndGlobalSection
	GlobalSection(ProjectConfigurationPlatforms) = postSolution
		{1AAFA564-0D19-4E2A-B75F-61448242A5C9}.Debug|Any CPU.ActiveCfg = Debug|Any CPU
		{1AAFA564-0D19-4E2A-B75F-61448242A5C9}.Debug|Any CPU.Build.0 = Debug|Any CPU
		{1AAFA564-0D19-4E2A-B75F-61448242A5C9}.Release|Any CPU.ActiveCfg = Release|Any CPU
		{1AAFA564-0D19-4E2A-B75F-61448242A5C9}.Release|Any CPU.Build.0 = Release|Any CPU
		{C021A19C-4ACB-44D3-8113-4ADF93EA121B}.Debug|Any CPU.ActiveCfg = Debug|Any CPU
		{C021A19C-4ACB-44D3-8113-4ADF93EA121B}.Debug|Any CPU.Build.0 = Debug|Any CPU
		{C021A19C-4ACB-44D3-8113-4ADF93EA121B}.Release|Any CPU.ActiveCfg = Release|Any CPU
		{C021A19C-4ACB-44D3-8113-4ADF93EA121B}.Release|Any CPU.Build.0 = Release|Any CPU
	EndGlobalSection
	GlobalSection(SolutionProperties) = preSolution
		HideSolutionNode = FALSE
	EndGlobalSection
	GlobalSection(ExtensibilityGlobals) = postSolution
		SolutionGuid = {72218ED1-8DCC-4AD2-8D1F-EE6DB28DD518}
	EndGlobalSection
EndGlobal
