
Microsoft Visual Studio Solution File, Format Version 12.00
# Visual Studio 15
VisualStudioVersion = 15.0.27703.2047
MinimumVisualStudioVersion = 10.0.40219.1
Project("{FAE04EC0-301F-11D3-BF4B-00C04F79EFBC}") = "Temporizador", "Temporizador\Temporizador.csproj", "{5F0A15CA-AD19-4957-86D1-F82D14D53F65}"
EndProject
Project("{FAE04EC0-301F-11D3-BF4B-00C04F79EFBC}") = "Ejercicio63", "Ejercicio63\Ejercicio63.csproj", "{C8960C7A-FC2B-45B8-921E-A706293E5D3C}"
EndProject
Global
	GlobalSection(SolutionConfigurationPlatforms) = preSolution
		Debug|Any CPU = Debug|Any CPU
		Release|Any CPU = Release|Any CPU
	EndGlobalSection
	GlobalSection(ProjectConfigurationPlatforms) = postSolution
		{5F0A15CA-AD19-4957-86D1-F82D14D53F65}.Debug|Any CPU.ActiveCfg = Debug|Any CPU
		{5F0A15CA-AD19-4957-86D1-F82D14D53F65}.Debug|Any CPU.Build.0 = Debug|Any CPU
		{5F0A15CA-AD19-4957-86D1-F82D14D53F65}.Release|Any CPU.ActiveCfg = Release|Any CPU
		{5F0A15CA-AD19-4957-86D1-F82D14D53F65}.Release|Any CPU.Build.0 = Release|Any CPU
		{C8960C7A-FC2B-45B8-921E-A706293E5D3C}.Debug|Any CPU.ActiveCfg = Debug|Any CPU
		{C8960C7A-FC2B-45B8-921E-A706293E5D3C}.Debug|Any CPU.Build.0 = Debug|Any CPU
		{C8960C7A-FC2B-45B8-921E-A706293E5D3C}.Release|Any CPU.ActiveCfg = Release|Any CPU
		{C8960C7A-FC2B-45B8-921E-A706293E5D3C}.Release|Any CPU.Build.0 = Release|Any CPU
	EndGlobalSection
	GlobalSection(SolutionProperties) = preSolution
		HideSolutionNode = FALSE
	EndGlobalSection
	GlobalSection(ExtensibilityGlobals) = postSolution
		SolutionGuid = {314B3689-19C3-4B81-B4CE-36743F6A1FE8}
	EndGlobalSection
EndGlobal
