
Microsoft Visual Studio Solution File, Format Version 12.00
# Visual Studio 15
VisualStudioVersion = 15.0.27703.2047
MinimumVisualStudioVersion = 10.0.40219.1
Project("{FAE04EC0-301F-11D3-BF4B-00C04F79EFBC}") = "Ejercicio40", "Ejercicio40\Ejercicio40.csproj", "{98C14D6B-24CE-4EE9-8B54-F2E6A9D7B08A}"
EndProject
Project("{FAE04EC0-301F-11D3-BF4B-00C04F79EFBC}") = "Central Telefonica", "Central Telefonica\Central Telefonica.csproj", "{44ED6A69-E174-4B53-8AA7-D7394CAB6E24}"
EndProject
Global
	GlobalSection(SolutionConfigurationPlatforms) = preSolution
		Debug|Any CPU = Debug|Any CPU
		Release|Any CPU = Release|Any CPU
	EndGlobalSection
	GlobalSection(ProjectConfigurationPlatforms) = postSolution
		{98C14D6B-24CE-4EE9-8B54-F2E6A9D7B08A}.Debug|Any CPU.ActiveCfg = Debug|Any CPU
		{98C14D6B-24CE-4EE9-8B54-F2E6A9D7B08A}.Debug|Any CPU.Build.0 = Debug|Any CPU
		{98C14D6B-24CE-4EE9-8B54-F2E6A9D7B08A}.Release|Any CPU.ActiveCfg = Release|Any CPU
		{98C14D6B-24CE-4EE9-8B54-F2E6A9D7B08A}.Release|Any CPU.Build.0 = Release|Any CPU
		{44ED6A69-E174-4B53-8AA7-D7394CAB6E24}.Debug|Any CPU.ActiveCfg = Debug|Any CPU
		{44ED6A69-E174-4B53-8AA7-D7394CAB6E24}.Debug|Any CPU.Build.0 = Debug|Any CPU
		{44ED6A69-E174-4B53-8AA7-D7394CAB6E24}.Release|Any CPU.ActiveCfg = Release|Any CPU
		{44ED6A69-E174-4B53-8AA7-D7394CAB6E24}.Release|Any CPU.Build.0 = Release|Any CPU
	EndGlobalSection
	GlobalSection(SolutionProperties) = preSolution
		HideSolutionNode = FALSE
	EndGlobalSection
	GlobalSection(ExtensibilityGlobals) = postSolution
		SolutionGuid = {60229764-28FD-443D-98DE-E65F0DDB2BEF}
	EndGlobalSection
EndGlobal
