
Microsoft Visual Studio Solution File, Format Version 12.00
# Visual Studio 15
VisualStudioVersion = 15.0.27703.2047
MinimumVisualStudioVersion = 10.0.40219.1
Project("{FAE04EC0-301F-11D3-BF4B-00C04F79EFBC}") = "ejercicio13", "ejercicio13\ejercicio13.csproj", "{8F5EF76F-6B55-42A6-AE96-5F4D13D56AA4}"
EndProject
Global
	GlobalSection(SolutionConfigurationPlatforms) = preSolution
		Debug|Any CPU = Debug|Any CPU
		Release|Any CPU = Release|Any CPU
	EndGlobalSection
	GlobalSection(ProjectConfigurationPlatforms) = postSolution
		{8F5EF76F-6B55-42A6-AE96-5F4D13D56AA4}.Debug|Any CPU.ActiveCfg = Debug|Any CPU
		{8F5EF76F-6B55-42A6-AE96-5F4D13D56AA4}.Debug|Any CPU.Build.0 = Debug|Any CPU
		{8F5EF76F-6B55-42A6-AE96-5F4D13D56AA4}.Release|Any CPU.ActiveCfg = Release|Any CPU
		{8F5EF76F-6B55-42A6-AE96-5F4D13D56AA4}.Release|Any CPU.Build.0 = Release|Any CPU
	EndGlobalSection
	GlobalSection(SolutionProperties) = preSolution
		HideSolutionNode = FALSE
	EndGlobalSection
	GlobalSection(ExtensibilityGlobals) = postSolution
		SolutionGuid = {F44B6A68-B9CE-4EB3-B14A-BC70F3BE648C}
	EndGlobalSection
EndGlobal
