
Microsoft Visual Studio Solution File, Format Version 12.00
# Visual Studio 15
VisualStudioVersion = 15.0.27703.2047
MinimumVisualStudioVersion = 10.0.40219.1
Project("{FAE04EC0-301F-11D3-BF4B-00C04F79EFBC}") = "Ejercicio24", "Ejercicio24\Ejercicio24.csproj", "{3842D65E-DFAA-487A-89D6-217E98073CEE}"
EndProject
Project("{FAE04EC0-301F-11D3-BF4B-00C04F79EFBC}") = "FormEjercicio24", "FormEjercicio24\FormEjercicio24.csproj", "{51066BFC-A529-4A58-8C77-799A52B24D93}"
EndProject
Global
	GlobalSection(SolutionConfigurationPlatforms) = preSolution
		Debug|Any CPU = Debug|Any CPU
		Release|Any CPU = Release|Any CPU
	EndGlobalSection
	GlobalSection(ProjectConfigurationPlatforms) = postSolution
		{3842D65E-DFAA-487A-89D6-217E98073CEE}.Debug|Any CPU.ActiveCfg = Debug|Any CPU
		{3842D65E-DFAA-487A-89D6-217E98073CEE}.Debug|Any CPU.Build.0 = Debug|Any CPU
		{3842D65E-DFAA-487A-89D6-217E98073CEE}.Release|Any CPU.ActiveCfg = Release|Any CPU
		{3842D65E-DFAA-487A-89D6-217E98073CEE}.Release|Any CPU.Build.0 = Release|Any CPU
		{51066BFC-A529-4A58-8C77-799A52B24D93}.Debug|Any CPU.ActiveCfg = Debug|Any CPU
		{51066BFC-A529-4A58-8C77-799A52B24D93}.Debug|Any CPU.Build.0 = Debug|Any CPU
		{51066BFC-A529-4A58-8C77-799A52B24D93}.Release|Any CPU.ActiveCfg = Release|Any CPU
		{51066BFC-A529-4A58-8C77-799A52B24D93}.Release|Any CPU.Build.0 = Release|Any CPU
	EndGlobalSection
	GlobalSection(SolutionProperties) = preSolution
		HideSolutionNode = FALSE
	EndGlobalSection
	GlobalSection(ExtensibilityGlobals) = postSolution
		SolutionGuid = {B75ECACF-117D-4D8A-BE3C-98076365BE66}
	EndGlobalSection
EndGlobal
