
Microsoft Visual Studio Solution File, Format Version 12.00
# Visual Studio 15
VisualStudioVersion = 15.0.27703.2047
MinimumVisualStudioVersion = 10.0.40219.1
Project("{FAE04EC0-301F-11D3-BF4B-00C04F79EFBC}") = "ejercicio 69", "ejercicio 69\ejercicio 69.csproj", "{A73AD0F6-5F9E-47C8-893A-5920E90955CD}"
EndProject
Project("{FAE04EC0-301F-11D3-BF4B-00C04F79EFBC}") = "Entidades", "Entidades\Entidades.csproj", "{328025FC-7939-440A-BFE5-502A32AC1592}"
EndProject
Global
	GlobalSection(SolutionConfigurationPlatforms) = preSolution
		Debug|Any CPU = Debug|Any CPU
		Release|Any CPU = Release|Any CPU
	EndGlobalSection
	GlobalSection(ProjectConfigurationPlatforms) = postSolution
		{A73AD0F6-5F9E-47C8-893A-5920E90955CD}.Debug|Any CPU.ActiveCfg = Debug|Any CPU
		{A73AD0F6-5F9E-47C8-893A-5920E90955CD}.Debug|Any CPU.Build.0 = Debug|Any CPU
		{A73AD0F6-5F9E-47C8-893A-5920E90955CD}.Release|Any CPU.ActiveCfg = Release|Any CPU
		{A73AD0F6-5F9E-47C8-893A-5920E90955CD}.Release|Any CPU.Build.0 = Release|Any CPU
		{328025FC-7939-440A-BFE5-502A32AC1592}.Debug|Any CPU.ActiveCfg = Debug|Any CPU
		{328025FC-7939-440A-BFE5-502A32AC1592}.Debug|Any CPU.Build.0 = Debug|Any CPU
		{328025FC-7939-440A-BFE5-502A32AC1592}.Release|Any CPU.ActiveCfg = Release|Any CPU
		{328025FC-7939-440A-BFE5-502A32AC1592}.Release|Any CPU.Build.0 = Release|Any CPU
	EndGlobalSection
	GlobalSection(SolutionProperties) = preSolution
		HideSolutionNode = FALSE
	EndGlobalSection
	GlobalSection(ExtensibilityGlobals) = postSolution
		SolutionGuid = {F083EC52-52A3-400C-8AC4-91ECCA2742B7}
	EndGlobalSection
EndGlobal
