
Microsoft Visual Studio Solution File, Format Version 12.00
# Visual Studio 15
VisualStudioVersion = 15.0.27703.2047
MinimumVisualStudioVersion = 10.0.40219.1
Project("{FAE04EC0-301F-11D3-BF4B-00C04F79EFBC}") = "ejercicio 40", "ejercicio 40\ejercicio 40.csproj", "{B9DD2F61-22AA-42D2-999E-392E17F679C2}"
EndProject
Project("{FAE04EC0-301F-11D3-BF4B-00C04F79EFBC}") = "WindowsFormsApp1", "WindowsFormsApp1\WindowsFormsApp1.csproj", "{8A92EC46-04A9-425C-85B5-6D61D3D594E2}"
EndProject
Global
	GlobalSection(SolutionConfigurationPlatforms) = preSolution
		Debug|Any CPU = Debug|Any CPU
		Release|Any CPU = Release|Any CPU
	EndGlobalSection
	GlobalSection(ProjectConfigurationPlatforms) = postSolution
		{B9DD2F61-22AA-42D2-999E-392E17F679C2}.Debug|Any CPU.ActiveCfg = Debug|Any CPU
		{B9DD2F61-22AA-42D2-999E-392E17F679C2}.Debug|Any CPU.Build.0 = Debug|Any CPU
		{B9DD2F61-22AA-42D2-999E-392E17F679C2}.Release|Any CPU.ActiveCfg = Release|Any CPU
		{B9DD2F61-22AA-42D2-999E-392E17F679C2}.Release|Any CPU.Build.0 = Release|Any CPU
		{8A92EC46-04A9-425C-85B5-6D61D3D594E2}.Debug|Any CPU.ActiveCfg = Debug|Any CPU
		{8A92EC46-04A9-425C-85B5-6D61D3D594E2}.Debug|Any CPU.Build.0 = Debug|Any CPU
		{8A92EC46-04A9-425C-85B5-6D61D3D594E2}.Release|Any CPU.ActiveCfg = Release|Any CPU
		{8A92EC46-04A9-425C-85B5-6D61D3D594E2}.Release|Any CPU.Build.0 = Release|Any CPU
	EndGlobalSection
	GlobalSection(SolutionProperties) = preSolution
		HideSolutionNode = FALSE
	EndGlobalSection
	GlobalSection(ExtensibilityGlobals) = postSolution
		SolutionGuid = {686F3CCB-AC0C-4116-A3B2-B33A21296FB9}
	EndGlobalSection
EndGlobal
