
Microsoft Visual Studio Solution File, Format Version 12.00
# Visual Studio 15
VisualStudioVersion = 15.0.27703.2047
MinimumVisualStudioVersion = 10.0.40219.1
Project("{FAE04EC0-301F-11D3-BF4B-00C04F79EFBC}") = "Ejercicio68", "Ejercicio68\Ejercicio68.csproj", "{AEE04CE8-1BEE-46F6-9DF9-7ACC0B13B42E}"
EndProject
Global
	GlobalSection(SolutionConfigurationPlatforms) = preSolution
		Debug|Any CPU = Debug|Any CPU
		Release|Any CPU = Release|Any CPU
	EndGlobalSection
	GlobalSection(ProjectConfigurationPlatforms) = postSolution
		{AEE04CE8-1BEE-46F6-9DF9-7ACC0B13B42E}.Debug|Any CPU.ActiveCfg = Debug|Any CPU
		{AEE04CE8-1BEE-46F6-9DF9-7ACC0B13B42E}.Debug|Any CPU.Build.0 = Debug|Any CPU
		{AEE04CE8-1BEE-46F6-9DF9-7ACC0B13B42E}.Release|Any CPU.ActiveCfg = Release|Any CPU
		{AEE04CE8-1BEE-46F6-9DF9-7ACC0B13B42E}.Release|Any CPU.Build.0 = Release|Any CPU
	EndGlobalSection
	GlobalSection(SolutionProperties) = preSolution
		HideSolutionNode = FALSE
	EndGlobalSection
	GlobalSection(ExtensibilityGlobals) = postSolution
		SolutionGuid = {90289536-C714-4EAC-89BB-EF42AD749CFD}
	EndGlobalSection
EndGlobal
