
Microsoft Visual Studio Solution File, Format Version 12.00
# Visual Studio 15
VisualStudioVersion = 15.0.27703.2047
MinimumVisualStudioVersion = 10.0.40219.1
Project("{FAE04EC0-301F-11D3-BF4B-00C04F79EFBC}") = "ejercicio 31", "ejercicio 31\ejercicio 31.csproj", "{ED881359-7A16-41EE-B538-EBA1792C6BA7}"
EndProject
Global
	GlobalSection(SolutionConfigurationPlatforms) = preSolution
		Debug|Any CPU = Debug|Any CPU
		Release|Any CPU = Release|Any CPU
	EndGlobalSection
	GlobalSection(ProjectConfigurationPlatforms) = postSolution
		{ED881359-7A16-41EE-B538-EBA1792C6BA7}.Debug|Any CPU.ActiveCfg = Debug|Any CPU
		{ED881359-7A16-41EE-B538-EBA1792C6BA7}.Debug|Any CPU.Build.0 = Debug|Any CPU
		{ED881359-7A16-41EE-B538-EBA1792C6BA7}.Release|Any CPU.ActiveCfg = Release|Any CPU
		{ED881359-7A16-41EE-B538-EBA1792C6BA7}.Release|Any CPU.Build.0 = Release|Any CPU
	EndGlobalSection
	GlobalSection(SolutionProperties) = preSolution
		HideSolutionNode = FALSE
	EndGlobalSection
	GlobalSection(ExtensibilityGlobals) = postSolution
		SolutionGuid = {90582750-3998-478F-805A-95E08E6A5641}
	EndGlobalSection
EndGlobal
