
Microsoft Visual Studio Solution File, Format Version 12.00
# Visual Studio 15
VisualStudioVersion = 15.0.27703.2047
MinimumVisualStudioVersion = 10.0.40219.1
Project("{FAE04EC0-301F-11D3-BF4B-00C04F79EFBC}") = "ejercicio22", "ejercicio22\ejercicio22.csproj", "{88837152-12CF-41F4-BD46-11BF133EF3DD}"
EndProject
Global
	GlobalSection(SolutionConfigurationPlatforms) = preSolution
		Debug|Any CPU = Debug|Any CPU
		Release|Any CPU = Release|Any CPU
	EndGlobalSection
	GlobalSection(ProjectConfigurationPlatforms) = postSolution
		{88837152-12CF-41F4-BD46-11BF133EF3DD}.Debug|Any CPU.ActiveCfg = Debug|Any CPU
		{88837152-12CF-41F4-BD46-11BF133EF3DD}.Debug|Any CPU.Build.0 = Debug|Any CPU
		{88837152-12CF-41F4-BD46-11BF133EF3DD}.Release|Any CPU.ActiveCfg = Release|Any CPU
		{88837152-12CF-41F4-BD46-11BF133EF3DD}.Release|Any CPU.Build.0 = Release|Any CPU
	EndGlobalSection
	GlobalSection(SolutionProperties) = preSolution
		HideSolutionNode = FALSE
	EndGlobalSection
	GlobalSection(ExtensibilityGlobals) = postSolution
		SolutionGuid = {4315D12D-66C4-4F30-8DC3-19162787E1DA}
	EndGlobalSection
EndGlobal
