
Microsoft Visual Studio Solution File, Format Version 12.00
# Visual Studio 15
VisualStudioVersion = 15.0.27703.2047
MinimumVisualStudioVersion = 10.0.40219.1
Project("{FAE04EC0-301F-11D3-BF4B-00C04F79EFBC}") = "ejercicio 67", "ejercicio 67\ejercicio 67.csproj", "{ADEBC7AE-4005-4C3A-830B-95A2593A5D60}"
EndProject
Project("{FAE04EC0-301F-11D3-BF4B-00C04F79EFBC}") = "ejercicio 63", "..\ejercicio 63\ejercicio 63\ejercicio 63.csproj", "{37195C0F-8456-4AE9-9734-A07410DF8520}"
EndProject
Global
	GlobalSection(SolutionConfigurationPlatforms) = preSolution
		Debug|Any CPU = Debug|Any CPU
		Release|Any CPU = Release|Any CPU
	EndGlobalSection
	GlobalSection(ProjectConfigurationPlatforms) = postSolution
		{ADEBC7AE-4005-4C3A-830B-95A2593A5D60}.Debug|Any CPU.ActiveCfg = Debug|Any CPU
		{ADEBC7AE-4005-4C3A-830B-95A2593A5D60}.Debug|Any CPU.Build.0 = Debug|Any CPU
		{ADEBC7AE-4005-4C3A-830B-95A2593A5D60}.Release|Any CPU.ActiveCfg = Release|Any CPU
		{ADEBC7AE-4005-4C3A-830B-95A2593A5D60}.Release|Any CPU.Build.0 = Release|Any CPU
		{37195C0F-8456-4AE9-9734-A07410DF8520}.Debug|Any CPU.ActiveCfg = Debug|Any CPU
		{37195C0F-8456-4AE9-9734-A07410DF8520}.Debug|Any CPU.Build.0 = Debug|Any CPU
		{37195C0F-8456-4AE9-9734-A07410DF8520}.Release|Any CPU.ActiveCfg = Release|Any CPU
		{37195C0F-8456-4AE9-9734-A07410DF8520}.Release|Any CPU.Build.0 = Release|Any CPU
	EndGlobalSection
	GlobalSection(SolutionProperties) = preSolution
		HideSolutionNode = FALSE
	EndGlobalSection
	GlobalSection(ExtensibilityGlobals) = postSolution
		SolutionGuid = {5206A86C-81AA-423E-A1EA-AA95E55D155D}
	EndGlobalSection
EndGlobal
