
Microsoft Visual Studio Solution File, Format Version 12.00
# Visual Studio 15
VisualStudioVersion = 15.0.27703.2047
MinimumVisualStudioVersion = 10.0.40219.1
Project("{FAE04EC0-301F-11D3-BF4B-00C04F79EFBC}") = "Ejercicio41", "Ejercicio41\Ejercicio41.csproj", "{ACB51E26-3143-4D30-B296-679201F91FBF}"
EndProject
Project("{FAE04EC0-301F-11D3-BF4B-00C04F79EFBC}") = "Central Telefonica", "Central Telefonica\Central Telefonica.csproj", "{44ED6A69-E174-4B53-8AA7-D7394CAB6E24}"
EndProject
Project("{FAE04EC0-301F-11D3-BF4B-00C04F79EFBC}") = "TestUnitario", "TestUnitario\TestUnitario.csproj", "{04A4DB0E-4D1B-4369-8118-021375E0DA88}"
EndProject
Global
	GlobalSection(SolutionConfigurationPlatforms) = preSolution
		Debug|Any CPU = Debug|Any CPU
		Release|Any CPU = Release|Any CPU
	EndGlobalSection
	GlobalSection(ProjectConfigurationPlatforms) = postSolution
		{ACB51E26-3143-4D30-B296-679201F91FBF}.Debug|Any CPU.ActiveCfg = Debug|Any CPU
		{ACB51E26-3143-4D30-B296-679201F91FBF}.Debug|Any CPU.Build.0 = Debug|Any CPU
		{ACB51E26-3143-4D30-B296-679201F91FBF}.Release|Any CPU.ActiveCfg = Release|Any CPU
		{ACB51E26-3143-4D30-B296-679201F91FBF}.Release|Any CPU.Build.0 = Release|Any CPU
		{44ED6A69-E174-4B53-8AA7-D7394CAB6E24}.Debug|Any CPU.ActiveCfg = Debug|Any CPU
		{44ED6A69-E174-4B53-8AA7-D7394CAB6E24}.Debug|Any CPU.Build.0 = Debug|Any CPU
		{44ED6A69-E174-4B53-8AA7-D7394CAB6E24}.Release|Any CPU.ActiveCfg = Release|Any CPU
		{44ED6A69-E174-4B53-8AA7-D7394CAB6E24}.Release|Any CPU.Build.0 = Release|Any CPU
		{04A4DB0E-4D1B-4369-8118-021375E0DA88}.Debug|Any CPU.ActiveCfg = Debug|Any CPU
		{04A4DB0E-4D1B-4369-8118-021375E0DA88}.Debug|Any CPU.Build.0 = Debug|Any CPU
		{04A4DB0E-4D1B-4369-8118-021375E0DA88}.Release|Any CPU.ActiveCfg = Release|Any CPU
		{04A4DB0E-4D1B-4369-8118-021375E0DA88}.Release|Any CPU.Build.0 = Release|Any CPU
	EndGlobalSection
	GlobalSection(SolutionProperties) = preSolution
		HideSolutionNode = FALSE
	EndGlobalSection
	GlobalSection(ExtensibilityGlobals) = postSolution
		SolutionGuid = {1077B2C3-7969-491D-A4A0-87C225D33D97}
	EndGlobalSection
EndGlobal
