
Microsoft Visual Studio Solution File, Format Version 12.00
# Visual Studio 15
VisualStudioVersion = 15.0.27703.2047
MinimumVisualStudioVersion = 10.0.40219.1
Project("{FAE04EC0-301F-11D3-BF4B-00C04F79EFBC}") = "Ejercicio49", "Ejercicio49\Ejercicio49.csproj", "{6F5AAAF5-817D-4514-8E34-1E468A9EF48F}"
EndProject
Project("{FAE04EC0-301F-11D3-BF4B-00C04F79EFBC}") = "Ejercicio46", "TestUnitario\Ejercicio46.csproj", "{E6ABADA5-480D-4A80-A1F9-BA7F748C2DB0}"
EndProject
Global
	GlobalSection(SolutionConfigurationPlatforms) = preSolution
		Debug|Any CPU = Debug|Any CPU
		Release|Any CPU = Release|Any CPU
	EndGlobalSection
	GlobalSection(ProjectConfigurationPlatforms) = postSolution
		{6F5AAAF5-817D-4514-8E34-1E468A9EF48F}.Debug|Any CPU.ActiveCfg = Debug|Any CPU
		{6F5AAAF5-817D-4514-8E34-1E468A9EF48F}.Debug|Any CPU.Build.0 = Debug|Any CPU
		{6F5AAAF5-817D-4514-8E34-1E468A9EF48F}.Release|Any CPU.ActiveCfg = Release|Any CPU
		{6F5AAAF5-817D-4514-8E34-1E468A9EF48F}.Release|Any CPU.Build.0 = Release|Any CPU
		{E6ABADA5-480D-4A80-A1F9-BA7F748C2DB0}.Debug|Any CPU.ActiveCfg = Debug|Any CPU
		{E6ABADA5-480D-4A80-A1F9-BA7F748C2DB0}.Debug|Any CPU.Build.0 = Debug|Any CPU
		{E6ABADA5-480D-4A80-A1F9-BA7F748C2DB0}.Release|Any CPU.ActiveCfg = Release|Any CPU
		{E6ABADA5-480D-4A80-A1F9-BA7F748C2DB0}.Release|Any CPU.Build.0 = Release|Any CPU
	EndGlobalSection
	GlobalSection(SolutionProperties) = preSolution
		HideSolutionNode = FALSE
	EndGlobalSection
	GlobalSection(ExtensibilityGlobals) = postSolution
		SolutionGuid = {F81E0D4D-0F21-4442-B2B8-6150A2F15069}
	EndGlobalSection
EndGlobal
