
Microsoft Visual Studio Solution File, Format Version 12.00
# Visual Studio Express 15 for Windows Desktop
VisualStudioVersion = 15.0.28010.2003
MinimumVisualStudioVersion = 10.0.40219.1
Project("{FAE04EC0-301F-11D3-BF4B-00C04F79EFBC}") = "Ejercicio39", "Ejercicio39\Ejercicio39.csproj", "{38626A20-FAFB-41E5-975D-756A73300E3C}"
EndProject
Global
	GlobalSection(SolutionConfigurationPlatforms) = preSolution
		Debug|Any CPU = Debug|Any CPU
		Release|Any CPU = Release|Any CPU
	EndGlobalSection
	GlobalSection(ProjectConfigurationPlatforms) = postSolution
		{38626A20-FAFB-41E5-975D-756A73300E3C}.Debug|Any CPU.ActiveCfg = Debug|Any CPU
		{38626A20-FAFB-41E5-975D-756A73300E3C}.Debug|Any CPU.Build.0 = Debug|Any CPU
		{38626A20-FAFB-41E5-975D-756A73300E3C}.Release|Any CPU.ActiveCfg = Release|Any CPU
		{38626A20-FAFB-41E5-975D-756A73300E3C}.Release|Any CPU.Build.0 = Release|Any CPU
	EndGlobalSection
	GlobalSection(SolutionProperties) = preSolution
		HideSolutionNode = FALSE
	EndGlobalSection
	GlobalSection(ExtensibilityGlobals) = postSolution
		SolutionGuid = {284BFBE4-D388-4E6E-8622-CE5C1083B599}
	EndGlobalSection
EndGlobal
