
Microsoft Visual Studio Solution File, Format Version 12.00
# Visual Studio 15
VisualStudioVersion = 15.0.27703.2047
MinimumVisualStudioVersion = 10.0.40219.1
Project("{FAE04EC0-301F-11D3-BF4B-00C04F79EFBC}") = "practicaForms", "practicaForms\practicaForms.csproj", "{C623DACD-577E-4310-8AF1-E3F7901563B5}"
EndProject
Global
	GlobalSection(SolutionConfigurationPlatforms) = preSolution
		Debug|Any CPU = Debug|Any CPU
		Release|Any CPU = Release|Any CPU
	EndGlobalSection
	GlobalSection(ProjectConfigurationPlatforms) = postSolution
		{C623DACD-577E-4310-8AF1-E3F7901563B5}.Debug|Any CPU.ActiveCfg = Debug|Any CPU
		{C623DACD-577E-4310-8AF1-E3F7901563B5}.Debug|Any CPU.Build.0 = Debug|Any CPU
		{C623DACD-577E-4310-8AF1-E3F7901563B5}.Release|Any CPU.ActiveCfg = Release|Any CPU
		{C623DACD-577E-4310-8AF1-E3F7901563B5}.Release|Any CPU.Build.0 = Release|Any CPU
	EndGlobalSection
	GlobalSection(SolutionProperties) = preSolution
		HideSolutionNode = FALSE
	EndGlobalSection
	GlobalSection(ExtensibilityGlobals) = postSolution
		SolutionGuid = {EA2E4EA7-9155-4532-9F8F-ECA366E71103}
	EndGlobalSection
EndGlobal
