
Microsoft Visual Studio Solution File, Format Version 12.00
# Visual Studio 15
VisualStudioVersion = 15.0.27703.2047
MinimumVisualStudioVersion = 10.0.40219.1
Project("{FAE04EC0-301F-11D3-BF4B-00C04F79EFBC}") = "Ejercicio51", "Ejercicio51\Ejercicio51.csproj", "{19AD4CAC-7066-4AAA-85A2-41577BF80651}"
EndProject
Global
	GlobalSection(SolutionConfigurationPlatforms) = preSolution
		Debug|Any CPU = Debug|Any CPU
		Release|Any CPU = Release|Any CPU
	EndGlobalSection
	GlobalSection(ProjectConfigurationPlatforms) = postSolution
		{19AD4CAC-7066-4AAA-85A2-41577BF80651}.Debug|Any CPU.ActiveCfg = Debug|Any CPU
		{19AD4CAC-7066-4AAA-85A2-41577BF80651}.Debug|Any CPU.Build.0 = Debug|Any CPU
		{19AD4CAC-7066-4AAA-85A2-41577BF80651}.Release|Any CPU.ActiveCfg = Release|Any CPU
		{19AD4CAC-7066-4AAA-85A2-41577BF80651}.Release|Any CPU.Build.0 = Release|Any CPU
	EndGlobalSection
	GlobalSection(SolutionProperties) = preSolution
		HideSolutionNode = FALSE
	EndGlobalSection
	GlobalSection(ExtensibilityGlobals) = postSolution
		SolutionGuid = {9846DCFF-CBE2-455B-BB24-EE28612EC2FB}
	EndGlobalSection
EndGlobal
