
Microsoft Visual Studio Solution File, Format Version 12.00
# Visual Studio 15
VisualStudioVersion = 15.0.27703.2047
MinimumVisualStudioVersion = 10.0.40219.1
Project("{FAE04EC0-301F-11D3-BF4B-00C04F79EFBC}") = "VistaConsola", "VistaConsola\VistaConsola.csproj", "{63540CAA-A250-427E-A5BD-C861E6C1D09D}"
EndProject
Project("{FAE04EC0-301F-11D3-BF4B-00C04F79EFBC}") = "Entidades", "Entidades\Entidades.csproj", "{EF9A36A0-1F83-47D0-BF1E-5B6F20E7A1D0}"
EndProject
Project("{FAE04EC0-301F-11D3-BF4B-00C04F79EFBC}") = "VistaForm", "VistaForm\VistaForm.csproj", "{4E965941-E36A-458D-A710-8F5098F2AB09}"
EndProject
Global
	GlobalSection(SolutionConfigurationPlatforms) = preSolution
		Debug|Any CPU = Debug|Any CPU
		Release|Any CPU = Release|Any CPU
	EndGlobalSection
	GlobalSection(ProjectConfigurationPlatforms) = postSolution
		{63540CAA-A250-427E-A5BD-C861E6C1D09D}.Debug|Any CPU.ActiveCfg = Debug|Any CPU
		{63540CAA-A250-427E-A5BD-C861E6C1D09D}.Debug|Any CPU.Build.0 = Debug|Any CPU
		{63540CAA-A250-427E-A5BD-C861E6C1D09D}.Release|Any CPU.ActiveCfg = Release|Any CPU
		{63540CAA-A250-427E-A5BD-C861E6C1D09D}.Release|Any CPU.Build.0 = Release|Any CPU
		{EF9A36A0-1F83-47D0-BF1E-5B6F20E7A1D0}.Debug|Any CPU.ActiveCfg = Debug|Any CPU
		{EF9A36A0-1F83-47D0-BF1E-5B6F20E7A1D0}.Debug|Any CPU.Build.0 = Debug|Any CPU
		{EF9A36A0-1F83-47D0-BF1E-5B6F20E7A1D0}.Release|Any CPU.ActiveCfg = Release|Any CPU
		{EF9A36A0-1F83-47D0-BF1E-5B6F20E7A1D0}.Release|Any CPU.Build.0 = Release|Any CPU
		{4E965941-E36A-458D-A710-8F5098F2AB09}.Debug|Any CPU.ActiveCfg = Debug|Any CPU
		{4E965941-E36A-458D-A710-8F5098F2AB09}.Debug|Any CPU.Build.0 = Debug|Any CPU
		{4E965941-E36A-458D-A710-8F5098F2AB09}.Release|Any CPU.ActiveCfg = Release|Any CPU
		{4E965941-E36A-458D-A710-8F5098F2AB09}.Release|Any CPU.Build.0 = Release|Any CPU
	EndGlobalSection
	GlobalSection(SolutionProperties) = preSolution
		HideSolutionNode = FALSE
	EndGlobalSection
	GlobalSection(ExtensibilityGlobals) = postSolution
		SolutionGuid = {811BCBA8-9E7E-4F3D-BE55-081ED2C547A9}
	EndGlobalSection
EndGlobal
