
Microsoft Visual Studio Solution File, Format Version 12.00
# Visual Studio 15
VisualStudioVersion = 15.0.27703.2047
MinimumVisualStudioVersion = 10.0.40219.1
Project("{FAE04EC0-301F-11D3-BF4B-00C04F79EFBC}") = "Ejercicio33", "Ejercicio33\Ejercicio33.csproj", "{75AF1F49-C724-4ADE-9952-BFB2A256D8CA}"
EndProject
Global
	GlobalSection(SolutionConfigurationPlatforms) = preSolution
		Debug|Any CPU = Debug|Any CPU
		Release|Any CPU = Release|Any CPU
	EndGlobalSection
	GlobalSection(ProjectConfigurationPlatforms) = postSolution
		{75AF1F49-C724-4ADE-9952-BFB2A256D8CA}.Debug|Any CPU.ActiveCfg = Debug|Any CPU
		{75AF1F49-C724-4ADE-9952-BFB2A256D8CA}.Debug|Any CPU.Build.0 = Debug|Any CPU
		{75AF1F49-C724-4ADE-9952-BFB2A256D8CA}.Release|Any CPU.ActiveCfg = Release|Any CPU
		{75AF1F49-C724-4ADE-9952-BFB2A256D8CA}.Release|Any CPU.Build.0 = Release|Any CPU
	EndGlobalSection
	GlobalSection(SolutionProperties) = preSolution
		HideSolutionNode = FALSE
	EndGlobalSection
	GlobalSection(ExtensibilityGlobals) = postSolution
		SolutionGuid = {361956E6-FBF8-4252-8CC9-423C7670A568}
	EndGlobalSection
EndGlobal
